
Microsoft Visual Studio Solution File, Format Version 12.00
# Visual Studio Version 16
VisualStudioVersion = 16.0.31205.134
MinimumVisualStudioVersion = 10.0.40219.1
Project("{FAE04EC0-301F-11D3-BF4B-00C04F79EFBC}") = "TextStatistics.Main", "TextStatistics.Main\TextStatistics.Main.csproj", "{4465C91E-C7F4-45A9-9D33-16945F4EB6B1}"
EndProject
Project("{FAE04EC0-301F-11D3-BF4B-00C04F79EFBC}") = "TextStatistics.Data", "TextStatistics.Data\TextStatistics.Data.csproj", "{BFB1D89F-4C6F-4A8D-A3B6-440706F48E1E}"
EndProject
Project("{FAE04EC0-301F-11D3-BF4B-00C04F79EFBC}") = "TextStatistics.Core", "TextStatistics.Core\TextStatistics.Core.csproj", "{7A136FA3-0F0F-4D93-8D21-7B0FBA7398EE}"
EndProject
Global
	GlobalSection(SolutionConfigurationPlatforms) = preSolution
		Debug|Any CPU = Debug|Any CPU
		Release|Any CPU = Release|Any CPU
	EndGlobalSection
	GlobalSection(ProjectConfigurationPlatforms) = postSolution
		{4465C91E-C7F4-45A9-9D33-16945F4EB6B1}.Debug|Any CPU.ActiveCfg = Debug|Any CPU
		{4465C91E-C7F4-45A9-9D33-16945F4EB6B1}.Debug|Any CPU.Build.0 = Debug|Any CPU
		{4465C91E-C7F4-45A9-9D33-16945F4EB6B1}.Release|Any CPU.ActiveCfg = Release|Any CPU
		{4465C91E-C7F4-45A9-9D33-16945F4EB6B1}.Release|Any CPU.Build.0 = Release|Any CPU
		{BFB1D89F-4C6F-4A8D-A3B6-440706F48E1E}.Debug|Any CPU.ActiveCfg = Debug|Any CPU
		{BFB1D89F-4C6F-4A8D-A3B6-440706F48E1E}.Debug|Any CPU.Build.0 = Debug|Any CPU
		{BFB1D89F-4C6F-4A8D-A3B6-440706F48E1E}.Release|Any CPU.ActiveCfg = Release|Any CPU
		{BFB1D89F-4C6F-4A8D-A3B6-440706F48E1E}.Release|Any CPU.Build.0 = Release|Any CPU
		{7A136FA3-0F0F-4D93-8D21-7B0FBA7398EE}.Debug|Any CPU.ActiveCfg = Debug|Any CPU
		{7A136FA3-0F0F-4D93-8D21-7B0FBA7398EE}.Debug|Any CPU.Build.0 = Debug|Any CPU
		{7A136FA3-0F0F-4D93-8D21-7B0FBA7398EE}.Release|Any CPU.ActiveCfg = Release|Any CPU
		{7A136FA3-0F0F-4D93-8D21-7B0FBA7398EE}.Release|Any CPU.Build.0 = Release|Any CPU
	EndGlobalSection
	GlobalSection(SolutionProperties) = preSolution
		HideSolutionNode = FALSE
	EndGlobalSection
	GlobalSection(ExtensibilityGlobals) = postSolution
		SolutionGuid = {43179D36-5CF3-48AC-8DCD-40CAF3A077CA}
	EndGlobalSection
EndGlobal
